// !$*UTF8*$!
{
	archiveVersion = 1;
	classes = {
	};
	objectVersion = 48;
	objects = {

/* Begin PBXBuildFile section */
		4CF97017206C8841000478AC /* AppDelegate.swift in Sources */ = {isa = PBXBuildFile; fileRef = 4CF97016206C8841000478AC /* AppDelegate.swift */; };
		4CF9701C206C8841000478AC /* Main.storyboard in Resources */ = {isa = PBXBuildFile; fileRef = 4CF9701A206C8841000478AC /* Main.storyboard */; };
		4CF9701F206C8841000478AC /* Moodoo.xcdatamodeld in Sources */ = {isa = PBXBuildFile; fileRef = 4CF9701D206C8841000478AC /* Moodoo.xcdatamodeld */; };
		4CF97021206C8841000478AC /* Assets.xcassets in Resources */ = {isa = PBXBuildFile; fileRef = 4CF97020206C8841000478AC /* Assets.xcassets */; };
		4CF97024206C8841000478AC /* LaunchScreen.storyboard in Resources */ = {isa = PBXBuildFile; fileRef = 4CF97022206C8841000478AC /* LaunchScreen.storyboard */; };
		4CF97030206C9862000478AC /* PersistenceService.swift in Sources */ = {isa = PBXBuildFile; fileRef = 4CF9702F206C9862000478AC /* PersistenceService.swift */; };
		4CF97032206CA6CB000478AC /* AppUser.swift in Sources */ = {isa = PBXBuildFile; fileRef = 4CF97031206CA6CB000478AC /* AppUser.swift */; };
		4CF97036206CB23C000478AC /* LoginViewController.swift in Sources */ = {isa = PBXBuildFile; fileRef = 4CF97035206CB23C000478AC /* LoginViewController.swift */; };
		4CF97038206D8D70000478AC /* SignUpViewController.swift in Sources */ = {isa = PBXBuildFile; fileRef = 4CF97037206D8D70000478AC /* SignUpViewController.swift */; };
		4CF9703A207D3A88000478AC /* ForgotPasswordViewController.swift in Sources */ = {isa = PBXBuildFile; fileRef = 4CF97039207D3A88000478AC /* ForgotPasswordViewController.swift */; };
		4CF9703C207D4201000478AC /* Settings.storyboard in Resources */ = {isa = PBXBuildFile; fileRef = 4CF9703B207D4201000478AC /* Settings.storyboard */; };
		4CF9703E207D447B000478AC /* SettingsViewController.swift in Sources */ = {isa = PBXBuildFile; fileRef = 4CF9703D207D447B000478AC /* SettingsViewController.swift */; };
		57F06D12CB3BACF5056B92BD /* Pods_Moodoo.framework in Frameworks */ = {isa = PBXBuildFile; fileRef = 81BF81EB2DEAE64032567450 /* Pods_Moodoo.framework */; };
		926ED00F208120C000E1B5A4 /* GoogleService-Info.plist in Resources */ = {isa = PBXBuildFile; fileRef = 926ED00E208120BF00E1B5A4 /* GoogleService-Info.plist */; };
/* End PBXBuildFile section */

/* Begin PBXFileReference section */
		4CF97013206C8841000478AC /* Moodoo.app */ = {isa = PBXFileReference; explicitFileType = wrapper.application; includeInIndex = 0; path = Moodoo.app; sourceTree = BUILT_PRODUCTS_DIR; };
		4CF97016206C8841000478AC /* AppDelegate.swift */ = {isa = PBXFileReference; lastKnownFileType = sourcecode.swift; path = AppDelegate.swift; sourceTree = "<group>"; };
		4CF9701B206C8841000478AC /* Base */ = {isa = PBXFileReference; lastKnownFileType = file.storyboard; name = Base; path = Base.lproj/Main.storyboard; sourceTree = "<group>"; };
		4CF9701E206C8841000478AC /* Moodoo.xcdatamodel */ = {isa = PBXFileReference; lastKnownFileType = wrapper.xcdatamodel; path = Moodoo.xcdatamodel; sourceTree = "<group>"; };
		4CF97020206C8841000478AC /* Assets.xcassets */ = {isa = PBXFileReference; lastKnownFileType = folder.assetcatalog; path = Assets.xcassets; sourceTree = "<group>"; };
		4CF97023206C8841000478AC /* Base */ = {isa = PBXFileReference; lastKnownFileType = file.storyboard; name = Base; path = Base.lproj/LaunchScreen.storyboard; sourceTree = "<group>"; };
		4CF97025206C8841000478AC /* Info.plist */ = {isa = PBXFileReference; lastKnownFileType = text.plist.xml; path = Info.plist; sourceTree = "<group>"; };
		4CF9702F206C9862000478AC /* PersistenceService.swift */ = {isa = PBXFileReference; lastKnownFileType = sourcecode.swift; path = PersistenceService.swift; sourceTree = "<group>"; };
		4CF97031206CA6CB000478AC /* AppUser.swift */ = {isa = PBXFileReference; lastKnownFileType = sourcecode.swift; path = AppUser.swift; sourceTree = "<group>"; };
		4CF97035206CB23C000478AC /* LoginViewController.swift */ = {isa = PBXFileReference; lastKnownFileType = sourcecode.swift; path = LoginViewController.swift; sourceTree = "<group>"; };
		4CF97037206D8D70000478AC /* SignUpViewController.swift */ = {isa = PBXFileReference; lastKnownFileType = sourcecode.swift; path = SignUpViewController.swift; sourceTree = "<group>"; };
		4CF97039207D3A88000478AC /* ForgotPasswordViewController.swift */ = {isa = PBXFileReference; lastKnownFileType = sourcecode.swift; path = ForgotPasswordViewController.swift; sourceTree = "<group>"; };
		4CF9703B207D4201000478AC /* Settings.storyboard */ = {isa = PBXFileReference; lastKnownFileType = file.storyboard; path = Settings.storyboard; sourceTree = "<group>"; };
		4CF9703D207D447B000478AC /* SettingsViewController.swift */ = {isa = PBXFileReference; lastKnownFileType = sourcecode.swift; path = SettingsViewController.swift; sourceTree = "<group>"; };
		81BF81EB2DEAE64032567450 /* Pods_Moodoo.framework */ = {isa = PBXFileReference; explicitFileType = wrapper.framework; includeInIndex = 0; path = Pods_Moodoo.framework; sourceTree = BUILT_PRODUCTS_DIR; };
		926ED00E208120BF00E1B5A4 /* GoogleService-Info.plist */ = {isa = PBXFileReference; fileEncoding = 4; lastKnownFileType = text.plist.xml; path = "GoogleService-Info.plist"; sourceTree = "<group>"; };
		BA66B3C2452C557F944F7A07 /* Pods-Moodoo.debug.xcconfig */ = {isa = PBXFileReference; includeInIndex = 1; lastKnownFileType = text.xcconfig; name = "Pods-Moodoo.debug.xcconfig"; path = "Pods/Target Support Files/Pods-Moodoo/Pods-Moodoo.debug.xcconfig"; sourceTree = "<group>"; };
		EDA82EF606E4CFCC243E03F5 /* Pods-Moodoo.release.xcconfig */ = {isa = PBXFileReference; includeInIndex = 1; lastKnownFileType = text.xcconfig; name = "Pods-Moodoo.release.xcconfig"; path = "Pods/Target Support Files/Pods-Moodoo/Pods-Moodoo.release.xcconfig"; sourceTree = "<group>"; };
/* End PBXFileReference section */

/* Begin PBXFrameworksBuildPhase section */
		4CF97010206C8841000478AC /* Frameworks */ = {
			isa = PBXFrameworksBuildPhase;
			buildActionMask = 2147483647;
			files = (
				57F06D12CB3BACF5056B92BD /* Pods_Moodoo.framework in Frameworks */,
			);
			runOnlyForDeploymentPostprocessing = 0;
		};
/* End PBXFrameworksBuildPhase section */

/* Begin PBXGroup section */
		1107258022E3D2B28D99FB3B /* Pods */ = {
			isa = PBXGroup;
			children = (
				BA66B3C2452C557F944F7A07 /* Pods-Moodoo.debug.xcconfig */,
				EDA82EF606E4CFCC243E03F5 /* Pods-Moodoo.release.xcconfig */,
			);
			name = Pods;
			sourceTree = "<group>";
		};
		4CF9700A206C8840000478AC = {
			isa = PBXGroup;
			children = (
				4CF97015206C8841000478AC /* Moodoo */,
				4CF97014206C8841000478AC /* Products */,
				1107258022E3D2B28D99FB3B /* Pods */,
				F57349C99F5D9EAC17E25987 /* Frameworks */,
			);
			sourceTree = "<group>";
		};
		4CF97014206C8841000478AC /* Products */ = {
			isa = PBXGroup;
			children = (
				4CF97013206C8841000478AC /* Moodoo.app */,
			);
			name = Products;
			sourceTree = "<group>";
		};
		4CF97015206C8841000478AC /* Moodoo */ = {
			isa = PBXGroup;
			children = (
				4CF97016206C8841000478AC /* AppDelegate.swift */,
				4CF97039207D3A88000478AC /* ForgotPasswordViewController.swift */,
				4CF9703D207D447B000478AC /* SettingsViewController.swift */,
				4CF97037206D8D70000478AC /* SignUpViewController.swift */,
				4CF9702F206C9862000478AC /* PersistenceService.swift */,
				4CF97035206CB23C000478AC /* LoginViewController.swift */,
				4CF97020206C8841000478AC /* Assets.xcassets */,
				4CF97031206CA6CB000478AC /* AppUser.swift */,
				4CF97025206C8841000478AC /* Info.plist */,
				4CF9701D206C8841000478AC /* Moodoo.xcdatamodeld */,
				926ED00E208120BF00E1B5A4 /* GoogleService-Info.plist */,
				4CF97022206C8841000478AC /* LaunchScreen.storyboard */,
				92EF1DDA2086EBFC0096DF5A /* Storyboards_Natascha */,
				92EF1DDB2086EC0C0096DF5A /* Storyboards_Michael */,
				92EF1DD92086EBD80096DF5A /* Storyboards_Anthony */,
			);
			path = Moodoo;
			sourceTree = "<group>";
		};
		92EF1DD92086EBD80096DF5A /* Storyboards_Anthony */ = {
			isa = PBXGroup;
			children = (
			);
			path = Storyboards_Anthony;
			sourceTree = "<group>";
		};
		92EF1DDA2086EBFC0096DF5A /* Storyboards_Natascha */ = {
			isa = PBXGroup;
			children = (
			);
			name = Storyboards_Natascha;
			path = Storyboards_Anthony;
			sourceTree = "<group>";
		};
		92EF1DDB2086EC0C0096DF5A /* Storyboards_Michael */ = {
			isa = PBXGroup;
			children = (
				4CF9701A206C8841000478AC /* Main.storyboard */,
				4CF9703B207D4201000478AC /* Settings.storyboard */,
			);
			path = Storyboards_Michael;
			sourceTree = "<group>";
		};
		F57349C99F5D9EAC17E25987 /* Frameworks */ = {
			isa = PBXGroup;
			children = (
				81BF81EB2DEAE64032567450 /* Pods_Moodoo.framework */,
			);
			name = Frameworks;
			sourceTree = "<group>";
		};
/* End PBXGroup section */

/* Begin PBXNativeTarget section */
		4CF97012206C8841000478AC /* Moodoo */ = {
			isa = PBXNativeTarget;
			buildConfigurationList = 4CF97028206C8841000478AC /* Build configuration list for PBXNativeTarget "Moodoo" */;
			buildPhases = (
				2E8BB3670BF50D3B6D450CAC /* [CP] Check Pods Manifest.lock */,
				4CF9700F206C8841000478AC /* Sources */,
				4CF97010206C8841000478AC /* Frameworks */,
				4CF97011206C8841000478AC /* Resources */,
				FC4BE7E995E2EE913767EEBE /* [CP] Embed Pods Frameworks */,
				20267DC76811DA6FA00D7372 /* [CP] Copy Pods Resources */,
			);
			buildRules = (
			);
			dependencies = (
			);
			name = Moodoo;
			productName = Moodoo;
			productReference = 4CF97013206C8841000478AC /* Moodoo.app */;
			productType = "com.apple.product-type.application";
		};
/* End PBXNativeTarget section */

/* Begin PBXProject section */
		4CF9700B206C8840000478AC /* Project object */ = {
			isa = PBXProject;
			attributes = {
				LastSwiftUpdateCheck = 0920;
				LastUpgradeCheck = 0920;
				ORGANIZATIONNAME = Group6;
				TargetAttributes = {
					4CF97012206C8841000478AC = {
						CreatedOnToolsVersion = 9.2;
						ProvisioningStyle = Automatic;
					};
				};
			};
			buildConfigurationList = 4CF9700E206C8840000478AC /* Build configuration list for PBXProject "Moodoo" */;
			compatibilityVersion = "Xcode 8.0";
			developmentRegion = en;
			hasScannedForEncodings = 0;
			knownRegions = (
				en,
				Base,
			);
			mainGroup = 4CF9700A206C8840000478AC;
			productRefGroup = 4CF97014206C8841000478AC /* Products */;
			projectDirPath = "";
			projectRoot = "";
			targets = (
				4CF97012206C8841000478AC /* Moodoo */,
			);
		};
/* End PBXProject section */

/* Begin PBXResourcesBuildPhase section */
		4CF97011206C8841000478AC /* Resources */ = {
			isa = PBXResourcesBuildPhase;
			buildActionMask = 2147483647;
			files = (
				4CF97024206C8841000478AC /* LaunchScreen.storyboard in Resources */,
				4CF97021206C8841000478AC /* Assets.xcassets in Resources */,
				926ED00F208120C000E1B5A4 /* GoogleService-Info.plist in Resources */,
				4CF9701C206C8841000478AC /* Main.storyboard in Resources */,
				4CF9703C207D4201000478AC /* Settings.storyboard in Resources */,
			);
			runOnlyForDeploymentPostprocessing = 0;
		};
/* End PBXResourcesBuildPhase section */

/* Begin PBXShellScriptBuildPhase section */
		20267DC76811DA6FA00D7372 /* [CP] Copy Pods Resources */ = {
			isa = PBXShellScriptBuildPhase;
			buildActionMask = 2147483647;
			files = (
			);
			inputPaths = (
			);
			name = "[CP] Copy Pods Resources";
			outputPaths = (
			);
			runOnlyForDeploymentPostprocessing = 0;
			shellPath = /bin/sh;
			shellScript = "\"${SRCROOT}/Pods/Target Support Files/Pods-Moodoo/Pods-Moodoo-resources.sh\"\n";
			showEnvVarsInLog = 0;
		};
		2E8BB3670BF50D3B6D450CAC /* [CP] Check Pods Manifest.lock */ = {
			isa = PBXShellScriptBuildPhase;
			buildActionMask = 2147483647;
			files = (
			);
			inputPaths = (
				"${PODS_PODFILE_DIR_PATH}/Podfile.lock",
				"${PODS_ROOT}/Manifest.lock",
			);
			name = "[CP] Check Pods Manifest.lock";
			outputPaths = (
				"$(DERIVED_FILE_DIR)/Pods-Moodoo-checkManifestLockResult.txt",
			);
			runOnlyForDeploymentPostprocessing = 0;
			shellPath = /bin/sh;
			shellScript = "diff \"${PODS_PODFILE_DIR_PATH}/Podfile.lock\" \"${PODS_ROOT}/Manifest.lock\" > /dev/null\nif [ $? != 0 ] ; then\n    # print error to STDERR\n    echo \"error: The sandbox is not in sync with the Podfile.lock. Run 'pod install' or update your CocoaPods installation.\" >&2\n    exit 1\nfi\n# This output is used by Xcode 'outputs' to avoid re-running this script phase.\necho \"SUCCESS\" > \"${SCRIPT_OUTPUT_FILE_0}\"\n";
			showEnvVarsInLog = 0;
		};
		FC4BE7E995E2EE913767EEBE /* [CP] Embed Pods Frameworks */ = {
			isa = PBXShellScriptBuildPhase;
			buildActionMask = 2147483647;
			files = (
			);
			inputPaths = (
				"${SRCROOT}/Pods/Target Support Files/Pods-Moodoo/Pods-Moodoo-frameworks.sh",
				"${BUILT_PRODUCTS_DIR}/GoogleToolboxForMac/GoogleToolboxForMac.framework",
				"${BUILT_PRODUCTS_DIR}/nanopb/nanopb.framework",
			);
			name = "[CP] Embed Pods Frameworks";
			outputPaths = (
				"${TARGET_BUILD_DIR}/${FRAMEWORKS_FOLDER_PATH}/GoogleToolboxForMac.framework",
				"${TARGET_BUILD_DIR}/${FRAMEWORKS_FOLDER_PATH}/nanopb.framework",
			);
			runOnlyForDeploymentPostprocessing = 0;
			shellPath = /bin/sh;
			shellScript = "\"${SRCROOT}/Pods/Target Support Files/Pods-Moodoo/Pods-Moodoo-frameworks.sh\"\n";
			showEnvVarsInLog = 0;
		};
/* End PBXShellScriptBuildPhase section */

/* Begin PBXSourcesBuildPhase section */
		4CF9700F206C8841000478AC /* Sources */ = {
			isa = PBXSourcesBuildPhase;
			buildActionMask = 2147483647;
			files = (
				4CF97038206D8D70000478AC /* SignUpViewController.swift in Sources */,
				4CF9703A207D3A88000478AC /* ForgotPasswordViewController.swift in Sources */,
				4CF97030206C9862000478AC /* PersistenceService.swift in Sources */,
				4CF97032206CA6CB000478AC /* AppUser.swift in Sources */,
				4CF9701F206C8841000478AC /* Moodoo.xcdatamodeld in Sources */,
				4CF97036206CB23C000478AC /* LoginViewController.swift in Sources */,
				4CF97017206C8841000478AC /* AppDelegate.swift in Sources */,
				4CF9703E207D447B000478AC /* SettingsViewController.swift in Sources */,
			);
			runOnlyForDeploymentPostprocessing = 0;
		};
/* End PBXSourcesBuildPhase section */

/* Begin PBXVariantGroup section */
		4CF9701A206C8841000478AC /* Main.storyboard */ = {
			isa = PBXVariantGroup;
			children = (
				4CF9701B206C8841000478AC /* Base */,
			);
			name = Main.storyboard;
			sourceTree = "<group>";
		};
		4CF97022206C8841000478AC /* LaunchScreen.storyboard */ = {
			isa = PBXVariantGroup;
			children = (
				4CF97023206C8841000478AC /* Base */,
			);
			name = LaunchScreen.storyboard;
			sourceTree = "<group>";
		};
/* End PBXVariantGroup section */

/* Begin XCBuildConfiguration section */
		4CF97026206C8841000478AC /* Debug */ = {
			isa = XCBuildConfiguration;
			buildSettings = {
				ALWAYS_SEARCH_USER_PATHS = NO;
				CLANG_ANALYZER_NONNULL = YES;
				CLANG_ANALYZER_NUMBER_OBJECT_CONVERSION = YES_AGGRESSIVE;
				CLANG_CXX_LANGUAGE_STANDARD = "gnu++14";
				CLANG_CXX_LIBRARY = "libc++";
				CLANG_ENABLE_MODULES = YES;
				CLANG_ENABLE_OBJC_ARC = YES;
				CLANG_WARN_BLOCK_CAPTURE_AUTORELEASING = YES;
				CLANG_WARN_BOOL_CONVERSION = YES;
				CLANG_WARN_COMMA = YES;
				CLANG_WARN_CONSTANT_CONVERSION = YES;
				CLANG_WARN_DIRECT_OBJC_ISA_USAGE = YES_ERROR;
				CLANG_WARN_DOCUMENTATION_COMMENTS = YES;
				CLANG_WARN_EMPTY_BODY = YES;
				CLANG_WARN_ENUM_CONVERSION = YES;
				CLANG_WARN_INFINITE_RECURSION = YES;
				CLANG_WARN_INT_CONVERSION = YES;
				CLANG_WARN_NON_LITERAL_NULL_CONVERSION = YES;
				CLANG_WARN_OBJC_LITERAL_CONVERSION = YES;
				CLANG_WARN_OBJC_ROOT_CLASS = YES_ERROR;
				CLANG_WARN_RANGE_LOOP_ANALYSIS = YES;
				CLANG_WARN_STRICT_PROTOTYPES = YES;
				CLANG_WARN_SUSPICIOUS_MOVE = YES;
				CLANG_WARN_UNGUARDED_AVAILABILITY = YES_AGGRESSIVE;
				CLANG_WARN_UNREACHABLE_CODE = YES;
				CLANG_WARN__DUPLICATE_METHOD_MATCH = YES;
				CODE_SIGN_IDENTITY = "iPhone Developer";
				COPY_PHASE_STRIP = NO;
				DEBUG_INFORMATION_FORMAT = dwarf;
				ENABLE_STRICT_OBJC_MSGSEND = YES;
				ENABLE_TESTABILITY = YES;
				GCC_C_LANGUAGE_STANDARD = gnu11;
				GCC_DYNAMIC_NO_PIC = NO;
				GCC_NO_COMMON_BLOCKS = YES;
				GCC_OPTIMIZATION_LEVEL = 0;
				GCC_PREPROCESSOR_DEFINITIONS = (
					"DEBUG=1",
					"$(inherited)",
				);
				GCC_WARN_64_TO_32_BIT_CONVERSION = YES;
				GCC_WARN_ABOUT_RETURN_TYPE = YES_ERROR;
				GCC_WARN_UNDECLARED_SELECTOR = YES;
				GCC_WARN_UNINITIALIZED_AUTOS = YES_AGGRESSIVE;
				GCC_WARN_UNUSED_FUNCTION = YES;
				GCC_WARN_UNUSED_VARIABLE = YES;
				IPHONEOS_DEPLOYMENT_TARGET = 11.2;
				MTL_ENABLE_DEBUG_INFO = YES;
				ONLY_ACTIVE_ARCH = YES;
				SDKROOT = iphoneos;
				SWIFT_ACTIVE_COMPILATION_CONDITIONS = DEBUG;
				SWIFT_OPTIMIZATION_LEVEL = "-Onone";
			};
			name = Debug;
		};
		4CF97027206C8841000478AC /* Release */ = {
			isa = XCBuildConfiguration;
			buildSettings = {
				ALWAYS_SEARCH_USER_PATHS = NO;
				CLANG_ANALYZER_NONNULL = YES;
				CLANG_ANALYZER_NUMBER_OBJECT_CONVERSION = YES_AGGRESSIVE;
				CLANG_CXX_LANGUAGE_STANDARD = "gnu++14";
				CLANG_CXX_LIBRARY = "libc++";
				CLANG_ENABLE_MODULES = YES;
				CLANG_ENABLE_OBJC_ARC = YES;
				CLANG_WARN_BLOCK_CAPTURE_AUTORELEASING = YES;
				CLANG_WARN_BOOL_CONVERSION = YES;
				CLANG_WARN_COMMA = YES;
				CLANG_WARN_CONSTANT_CONVERSION = YES;
				CLANG_WARN_DIRECT_OBJC_ISA_USAGE = YES_ERROR;
				CLANG_WARN_DOCUMENTATION_COMMENTS = YES;
				CLANG_WARN_EMPTY_BODY = YES;
				CLANG_WARN_ENUM_CONVERSION = YES;
				CLANG_WARN_INFINITE_RECURSION = YES;
				CLANG_WARN_INT_CONVERSION = YES;
				CLANG_WARN_NON_LITERAL_NULL_CONVERSION = YES;
				CLANG_WARN_OBJC_LITERAL_CONVERSION = YES;
				CLANG_WARN_OBJC_ROOT_CLASS = YES_ERROR;
				CLANG_WARN_RANGE_LOOP_ANALYSIS = YES;
				CLANG_WARN_STRICT_PROTOTYPES = YES;
				CLANG_WARN_SUSPICIOUS_MOVE = YES;
				CLANG_WARN_UNGUARDED_AVAILABILITY = YES_AGGRESSIVE;
				CLANG_WARN_UNREACHABLE_CODE = YES;
				CLANG_WARN__DUPLICATE_METHOD_MATCH = YES;
				CODE_SIGN_IDENTITY = "iPhone Developer";
				COPY_PHASE_STRIP = NO;
				DEBUG_INFORMATION_FORMAT = "dwarf-with-dsym";
				ENABLE_NS_ASSERTIONS = NO;
				ENABLE_STRICT_OBJC_MSGSEND = YES;
				GCC_C_LANGUAGE_STANDARD = gnu11;
				GCC_NO_COMMON_BLOCKS = YES;
				GCC_WARN_64_TO_32_BIT_CONVERSION = YES;
				GCC_WARN_ABOUT_RETURN_TYPE = YES_ERROR;
				GCC_WARN_UNDECLARED_SELECTOR = YES;
				GCC_WARN_UNINITIALIZED_AUTOS = YES_AGGRESSIVE;
				GCC_WARN_UNUSED_FUNCTION = YES;
				GCC_WARN_UNUSED_VARIABLE = YES;
				IPHONEOS_DEPLOYMENT_TARGET = 11.2;
				MTL_ENABLE_DEBUG_INFO = NO;
				SDKROOT = iphoneos;
				SWIFT_OPTIMIZATION_LEVEL = "-Owholemodule";
				VALIDATE_PRODUCT = YES;
			};
			name = Release;
		};
		4CF97029206C8841000478AC /* Debug */ = {
			isa = XCBuildConfiguration;
			baseConfigurationReference = BA66B3C2452C557F944F7A07 /* Pods-Moodoo.debug.xcconfig */;
			buildSettings = {
				ASSETCATALOG_COMPILER_APPICON_NAME = AppIcon;
				CODE_SIGN_STYLE = Automatic;
				INFOPLIST_FILE = Moodoo/Info.plist;
				LD_RUNPATH_SEARCH_PATHS = "$(inherited) @executable_path/Frameworks";
				PRODUCT_BUNDLE_IDENTIFIER = com.group6.Moodoo;
				PRODUCT_NAME = "$(TARGET_NAME)";
				SWIFT_VERSION = 4.0;
				TARGETED_DEVICE_FAMILY = "1,2";
			};
			name = Debug;
		};
		4CF9702A206C8841000478AC /* Release */ = {
			isa = XCBuildConfiguration;
			baseConfigurationReference = EDA82EF606E4CFCC243E03F5 /* Pods-Moodoo.release.xcconfig */;
			buildSettings = {
				ASSETCATALOG_COMPILER_APPICON_NAME = AppIcon;
				CODE_SIGN_STYLE = Automatic;
				INFOPLIST_FILE = Moodoo/Info.plist;
				LD_RUNPATH_SEARCH_PATHS = "$(inherited) @executable_path/Frameworks";
				PRODUCT_BUNDLE_IDENTIFIER = com.group6.Moodoo;
				PRODUCT_NAME = "$(TARGET_NAME)";
				SWIFT_VERSION = 4.0;
				TARGETED_DEVICE_FAMILY = "1,2";
			};
			name = Release;
		};
/* End XCBuildConfiguration section */

/* Begin XCConfigurationList section */
		4CF9700E206C8840000478AC /* Build configuration list for PBXProject "Moodoo" */ = {
			isa = XCConfigurationList;
			buildConfigurations = (
				4CF97026206C8841000478AC /* Debug */,
				4CF97027206C8841000478AC /* Release */,
			);
			defaultConfigurationIsVisible = 0;
			defaultConfigurationName = Release;
		};
		4CF97028206C8841000478AC /* Build configuration list for PBXNativeTarget "Moodoo" */ = {
			isa = XCConfigurationList;
			buildConfigurations = (
				4CF97029206C8841000478AC /* Debug */,
				4CF9702A206C8841000478AC /* Release */,
			);
			defaultConfigurationIsVisible = 0;
			defaultConfigurationName = Release;
		};
/* End XCConfigurationList section */

/* Begin XCVersionGroup section */
		4CF9701D206C8841000478AC /* Moodoo.xcdatamodeld */ = {
			isa = XCVersionGroup;
			children = (
				4CF9701E206C8841000478AC /* Moodoo.xcdatamodel */,
			);
			currentVersion = 4CF9701E206C8841000478AC /* Moodoo.xcdatamodel */;
			path = Moodoo.xcdatamodeld;
			sourceTree = "<group>";
			versionGroupType = wrapper.xcdatamodel;
		};
/* End XCVersionGroup section */
	};
	rootObject = 4CF9700B206C8840000478AC /* Project object */;
}
